
Microsoft Visual Studio Solution File, Format Version 12.00
# Visual Studio Version 17
VisualStudioVersion = 17.8.34330.188
MinimumVisualStudioVersion = 10.0.40219.1
Project("{FAE04EC0-301F-11D3-BF4B-00C04F79EFBC}") = "RealEstate_Dapper_Api", "RealEstate_Dapper_Api\RealEstate_Dapper_Api.csproj", "{517EAD01-C1BE-450E-A11F-1C3D3B5D781D}"
EndProject
Project("{FAE04EC0-301F-11D3-BF4B-00C04F79EFBC}") = "RealEstate_Dapper_UI", "RealEstate_Dapper_UI\RealEstate_Dapper_UI.csproj", "{1040BB82-14B2-473F-9F6F-1EA2F8297BA2}"
EndProject
Global
	GlobalSection(SolutionConfigurationPlatforms) = preSolution
		Debug|Any CPU = Debug|Any CPU
		Release|Any CPU = Release|Any CPU
	EndGlobalSection
	GlobalSection(ProjectConfigurationPlatforms) = postSolution
		{517EAD01-C1BE-450E-A11F-1C3D3B5D781D}.Debug|Any CPU.ActiveCfg = Debug|Any CPU
		{517EAD01-C1BE-450E-A11F-1C3D3B5D781D}.Debug|Any CPU.Build.0 = Debug|Any CPU
		{517EAD01-C1BE-450E-A11F-1C3D3B5D781D}.Release|Any CPU.ActiveCfg = Release|Any CPU
		{517EAD01-C1BE-450E-A11F-1C3D3B5D781D}.Release|Any CPU.Build.0 = Release|Any CPU
		{1040BB82-14B2-473F-9F6F-1EA2F8297BA2}.Debug|Any CPU.ActiveCfg = Debug|Any CPU
		{1040BB82-14B2-473F-9F6F-1EA2F8297BA2}.Debug|Any CPU.Build.0 = Debug|Any CPU
		{1040BB82-14B2-473F-9F6F-1EA2F8297BA2}.Release|Any CPU.ActiveCfg = Release|Any CPU
		{1040BB82-14B2-473F-9F6F-1EA2F8297BA2}.Release|Any CPU.Build.0 = Release|Any CPU
	EndGlobalSection
	GlobalSection(SolutionProperties) = preSolution
		HideSolutionNode = FALSE
	EndGlobalSection
	GlobalSection(ExtensibilityGlobals) = postSolution
		SolutionGuid = {554FF726-953F-451C-97E0-4E55CEEAE333}
	EndGlobalSection
EndGlobal
